
Microsoft Visual Studio Solution File, Format Version 12.00
Project("{FAE04EC0-301F-11D3-BF4B-00C04F79EFBC}") = "Migration.Toolkit.CLI", "Migration.Toolkit.CLI\Migration.Toolkit.CLI.csproj", "{EA5BB39B-9871-4C3B-ADCD-987D0C985E21}"
EndProject
Project("{FAE04EC0-301F-11D3-BF4B-00C04F79EFBC}") = "Migration.Toolkit.KX13", "Migration.Toolkit.KX13\Migration.Toolkit.KX13.csproj", "{C834C407-683B-4251-A4CD-52C135DCA518}"
EndProject
Project("{FAE04EC0-301F-11D3-BF4B-00C04F79EFBC}") = "Migration.Toolkit.KXP", "Migration.Toolkit.KXP\Migration.Toolkit.KXP.csproj", "{5F3DCE58-E1ED-4190-B3DA-610AA4F166A0}"
EndProject
Project("{FAE04EC0-301F-11D3-BF4B-00C04F79EFBC}") = "Migration.Toolkit.Common", "Migration.Toolkit.Common\Migration.Toolkit.Common.csproj", "{CE8ED7D2-DA7B-4106-BADA-A70E2DFCCAAF}"
EndProject
Project("{FAE04EC0-301F-11D3-BF4B-00C04F79EFBC}") = "Migration.Toolkit.Core", "Migration.Toolkit.Core\Migration.Toolkit.Core.csproj", "{1F7DC18B-CF87-4AB2-A5CC-094125246954}"
EndProject
Project("{FAE04EC0-301F-11D3-BF4B-00C04F79EFBC}") = "Migration.Toolkit.KXP.Api", "Migration.Toolkit.KXP.Api\Migration.Toolkit.KXP.Api.csproj", "{8E806DDF-6405-4386-B69E-B6FAA672A188}"
EndProject
Project("{FAE04EC0-301F-11D3-BF4B-00C04F79EFBC}") = "Migration.Toolkit.TestConsole", "Migration.Toolkit.TestConsole\Migration.Toolkit.TestConsole.csproj", "{DD3C628C-A38F-423F-B930-3A0F7270BF92}"
EndProject
Project("{FAE04EC0-301F-11D3-BF4B-00C04F79EFBC}") = "Migration.Toolkit.KXP.Extensions", "Migration.Toolkit.KXP.Extensions\Migration.Toolkit.KXP.Extensions.csproj", "{B601194D-192B-4539-8AB0-9813130EFAD7}"
EndProject
Project("{FAE04EC0-301F-11D3-BF4B-00C04F79EFBC}") = "KX13.NET48.Extensions", "KX13.NET48.Extensions\KX13.NET48.Extensions.csproj", "{C7F08A26-2674-4961-8030-C711DF01A3C0}"
EndProject
Project("{FAE04EC0-301F-11D3-BF4B-00C04F79EFBC}") = "KX13.Extensions", "KX13.Extensions\KX13.Extensions.csproj", "{EA37FE22-A945-4170-A364-2AD76A4247F2}"
EndProject
Project("{2150E333-8FDC-42A3-9474-1A3956D46DE8}") = "Instance.Extensions", "Instance.Extensions", "{D06721D3-6E2D-4235-B146-2BB80DF2DBA9}"
EndProject
Project("{2150E333-8FDC-42A3-9474-1A3956D46DE8}") = "Experiments", "Experiments", "{ECDC90AD-5A66-4C0E-BD87-C328E3B6A287}"
EndProject
Project("{FAE04EC0-301F-11D3-BF4B-00C04F79EFBC}") = "Migration.Toolkit.Tests", "Migration.Toolkit.Tests\Migration.Toolkit.Tests.csproj", "{FEA68426-F772-419D-989D-C6ADDA757344}"
EndProject

Global
	GlobalSection(SolutionConfigurationPlatforms) = preSolution
		Debug|Any CPU = Debug|Any CPU
		Release|Any CPU = Release|Any CPU
	EndGlobalSection
	GlobalSection(ProjectConfigurationPlatforms) = postSolution
		{EA5BB39B-9871-4C3B-ADCD-987D0C985E21}.Debug|Any CPU.ActiveCfg = Debug|Any CPU
		{EA5BB39B-9871-4C3B-ADCD-987D0C985E21}.Debug|Any CPU.Build.0 = Debug|Any CPU
		{EA5BB39B-9871-4C3B-ADCD-987D0C985E21}.Release|Any CPU.ActiveCfg = Release|Any CPU
		{EA5BB39B-9871-4C3B-ADCD-987D0C985E21}.Release|Any CPU.Build.0 = Release|Any CPU
		{C834C407-683B-4251-A4CD-52C135DCA518}.Debug|Any CPU.ActiveCfg = Debug|Any CPU
		{C834C407-683B-4251-A4CD-52C135DCA518}.Debug|Any CPU.Build.0 = Debug|Any CPU
		{C834C407-683B-4251-A4CD-52C135DCA518}.Release|Any CPU.ActiveCfg = Release|Any CPU
		{C834C407-683B-4251-A4CD-52C135DCA518}.Release|Any CPU.Build.0 = Release|Any CPU
		{5F3DCE58-E1ED-4190-B3DA-610AA4F166A0}.Debug|Any CPU.ActiveCfg = Debug|Any CPU
		{5F3DCE58-E1ED-4190-B3DA-610AA4F166A0}.Debug|Any CPU.Build.0 = Debug|Any CPU
		{5F3DCE58-E1ED-4190-B3DA-610AA4F166A0}.Release|Any CPU.ActiveCfg = Release|Any CPU
		{5F3DCE58-E1ED-4190-B3DA-610AA4F166A0}.Release|Any CPU.Build.0 = Release|Any CPU
		{CE8ED7D2-DA7B-4106-BADA-A70E2DFCCAAF}.Debug|Any CPU.ActiveCfg = Debug|Any CPU
		{CE8ED7D2-DA7B-4106-BADA-A70E2DFCCAAF}.Debug|Any CPU.Build.0 = Debug|Any CPU
		{CE8ED7D2-DA7B-4106-BADA-A70E2DFCCAAF}.Release|Any CPU.ActiveCfg = Release|Any CPU
		{CE8ED7D2-DA7B-4106-BADA-A70E2DFCCAAF}.Release|Any CPU.Build.0 = Release|Any CPU
		{1F7DC18B-CF87-4AB2-A5CC-094125246954}.Debug|Any CPU.ActiveCfg = Debug|Any CPU
		{1F7DC18B-CF87-4AB2-A5CC-094125246954}.Debug|Any CPU.Build.0 = Debug|Any CPU
		{1F7DC18B-CF87-4AB2-A5CC-094125246954}.Release|Any CPU.ActiveCfg = Release|Any CPU
		{1F7DC18B-CF87-4AB2-A5CC-094125246954}.Release|Any CPU.Build.0 = Release|Any CPU
		{8E806DDF-6405-4386-B69E-B6FAA672A188}.Debug|Any CPU.ActiveCfg = Debug|Any CPU
		{8E806DDF-6405-4386-B69E-B6FAA672A188}.Debug|Any CPU.Build.0 = Debug|Any CPU
		{8E806DDF-6405-4386-B69E-B6FAA672A188}.Release|Any CPU.ActiveCfg = Release|Any CPU
		{8E806DDF-6405-4386-B69E-B6FAA672A188}.Release|Any CPU.Build.0 = Release|Any CPU
		{DD3C628C-A38F-423F-B930-3A0F7270BF92}.Debug|Any CPU.ActiveCfg = Debug|Any CPU
		{DD3C628C-A38F-423F-B930-3A0F7270BF92}.Debug|Any CPU.Build.0 = Debug|Any CPU
		{DD3C628C-A38F-423F-B930-3A0F7270BF92}.Release|Any CPU.ActiveCfg = Release|Any CPU
		{DD3C628C-A38F-423F-B930-3A0F7270BF92}.Release|Any CPU.Build.0 = Release|Any CPU
		{B601194D-192B-4539-8AB0-9813130EFAD7}.Debug|Any CPU.ActiveCfg = Debug|Any CPU
		{B601194D-192B-4539-8AB0-9813130EFAD7}.Debug|Any CPU.Build.0 = Debug|Any CPU
		{B601194D-192B-4539-8AB0-9813130EFAD7}.Release|Any CPU.ActiveCfg = Release|Any CPU
		{B601194D-192B-4539-8AB0-9813130EFAD7}.Release|Any CPU.Build.0 = Release|Any CPU
		{C7F08A26-2674-4961-8030-C711DF01A3C0}.Debug|Any CPU.ActiveCfg = Debug|Any CPU
		{C7F08A26-2674-4961-8030-C711DF01A3C0}.Debug|Any CPU.Build.0 = Debug|Any CPU
		{C7F08A26-2674-4961-8030-C711DF01A3C0}.Release|Any CPU.ActiveCfg = Release|Any CPU
		{C7F08A26-2674-4961-8030-C711DF01A3C0}.Release|Any CPU.Build.0 = Release|Any CPU
		{EA37FE22-A945-4170-A364-2AD76A4247F2}.Debug|Any CPU.ActiveCfg = Debug|Any CPU
		{EA37FE22-A945-4170-A364-2AD76A4247F2}.Debug|Any CPU.Build.0 = Debug|Any CPU
		{EA37FE22-A945-4170-A364-2AD76A4247F2}.Release|Any CPU.ActiveCfg = Release|Any CPU
		{EA37FE22-A945-4170-A364-2AD76A4247F2}.Release|Any CPU.Build.0 = Release|Any CPU
		{FEA68426-F772-419D-989D-C6ADDA757344}.Debug|Any CPU.ActiveCfg = Debug|Any CPU
		{FEA68426-F772-419D-989D-C6ADDA757344}.Debug|Any CPU.Build.0 = Debug|Any CPU
		{FEA68426-F772-419D-989D-C6ADDA757344}.Release|Any CPU.ActiveCfg = Release|Any CPU
		{FEA68426-F772-419D-989D-C6ADDA757344}.Release|Any CPU.Build.0 = Release|Any CPU
		{95356D0D-5AC1-40DB-885F-901CF33AB532}.Debug|Any CPU.ActiveCfg = Debug|Any CPU
		{95356D0D-5AC1-40DB-885F-901CF33AB532}.Debug|Any CPU.Build.0 = Debug|Any CPU
	EndGlobalSection
	GlobalSection(NestedProjects) = preSolution
		{EA37FE22-A945-4170-A364-2AD76A4247F2} = {D06721D3-6E2D-4235-B146-2BB80DF2DBA9}
		{C7F08A26-2674-4961-8030-C711DF01A3C0} = {D06721D3-6E2D-4235-B146-2BB80DF2DBA9}
		{DD3C628C-A38F-423F-B930-3A0F7270BF92} = {ECDC90AD-5A66-4C0E-BD87-C328E3B6A287}
	EndGlobalSection
EndGlobal
